{
  "name": "karate-playground",
  "version": "1.0.0",
  "lockfileVersion": 3,
  "requires": true,
  "packages": {
    "": {
      "name": "karate-playground",
      "version": "1.0.0",
      "license": "MIT",
      "dependencies": {
        "@bjorn3/browser_wasi_shim": "^0.4.2",
        "xterm-pty": "^0.11.1"
      },
      "devDependencies": {
        "playwright": "^1.55.1"
      },
      "engines": {
        "node": ">=16.0.0"
      }
    },
    "node_modules/@bjorn3/browser_wasi_shim": {
      "version": "0.4.2",
      "resolved": "https://registry.npmjs.org/@bjorn3/browser_wasi_shim/-/browser_wasi_shim-0.4.2.tgz",
      "integrity": "sha512-/iHkCVUG3VbcbmEHn5iIUpIrh7a7WPiwZ3sHy4HZKZzBdSadwdddYDZAII2zBvQYV0Lfi8naZngPCN7WPHI/hA==",
      "license": "MIT OR Apache-2.0"
    },
    "node_modules/@xterm/xterm": {
      "version": "5.5.0",
      "resolved": "https://registry.npmjs.org/@xterm/xterm/-/xterm-5.5.0.tgz",
      "integrity": "sha512-hqJHYaQb5OptNunnyAnkHyM8aCjZ1MEIDTQu1iIbbTD/xops91NB5yq1ZK/dC2JDbVWtF23zUtl9JE2NqwT87A==",
      "license": "MIT"
    },
    "node_modules/fsevents": {
      "version": "2.3.2",
      "resolved": "https://registry.npmjs.org/fsevents/-/fsevents-2.3.2.tgz",
      "integrity": "sha512-xiqMQR4xAeHTuB9uWm+fFRcIOgKBMiOBP+eXiyT7jsgVCq1bkVygt00oASowB7EdtpOHaaPgKt812P9ab+DDKA==",
      "dev": true,
      "hasInstallScript": true,
      "license": "MIT",
      "optional": true,
      "os": [
        "darwin"
      ],
      "engines": {
        "node": "^8.16.0 || ^10.6.0 || >=11.0.0"
      }
    },
    "node_modules/playwright": {
      "version": "1.55.1",
      "resolved": "https://registry.npmjs.org/playwright/-/playwright-1.55.1.tgz",
      "integrity": "sha512-cJW4Xd/G3v5ovXtJJ52MAOclqeac9S/aGGgRzLabuF8TnIb6xHvMzKIa6JmrRzUkeXJgfL1MhukP0NK6l39h3A==",
      "dev": true,
      "license": "Apache-2.0",
      "dependencies": {
        "playwright-core": "1.55.1"
      },
      "bin": {
        "playwright": "cli.js"
      },
      "engines": {
        "node": ">=18"
      },
      "optionalDependencies": {
        "fsevents": "2.3.2"
      }
    },
    "node_modules/playwright-core": {
      "version": "1.55.1",
      "resolved": "https://registry.npmjs.org/playwright-core/-/playwright-core-1.55.1.tgz",
      "integrity": "sha512-Z6Mh9mkwX+zxSlHqdr5AOcJnfp+xUWLCt9uKV18fhzA8eyxUd8NUWzAjxUh55RZKSYwDGX0cfaySdhZJGMoJ+w==",
      "dev": true,
      "license": "Apache-2.0",
      "bin": {
        "playwright-core": "cli.js"
      },
      "engines": {
        "node": ">=18"
      }
    },
    "node_modules/xterm-pty": {
      "version": "0.11.1",
      "resolved": "https://registry.npmjs.org/xterm-pty/-/xterm-pty-0.11.1.tgz",
      "integrity": "sha512-vQISyzSgO+Cud8lOOFNbHI37s0AG/Mpsf2HmILgGHvsJI7hzq2qfEoLWD+fpNkJbICJ9yMoIdZ7u3czDtZQKWg==",
      "license": "MIT",
      "dependencies": {
        "@xterm/xterm": "^5.5.0"
      }
    }
  }
}
